
Microsoft Visual Studio Solution File, Format Version 12.00
# Visual Studio Version 17
VisualStudioVersion = 17.1.32328.378
MinimumVisualStudioVersion = 10.0.40219.1
Project("{9A19103F-16F7-4668-BE54-9A1E7A4F7556}") = "WorkerService", "WorkerService\WorkerService.csproj", "{CA692FF1-3D25-4C89-B21A-088E63392228}"
EndProject
Project("{9A19103F-16F7-4668-BE54-9A1E7A4F7556}") = "WebApp", "WebApp\WebApp.csproj", "{9ED1D9BC-F6AB-4DEA-A094-AD5DB5C7304D}"
EndProject
Project("{9A19103F-16F7-4668-BE54-9A1E7A4F7556}") = "ApplicationCore", "ApplicationCore\ApplicationCore.csproj", "{A8A41D22-2144-49DF-87FF-1C00F69293EB}"
EndProject
Project("{E53339B2-1760-4266-BCC7-CA923CBCF16C}") = "docker-compose", "docker-compose.dcproj", "{ACAF50C7-8745-450E-ADA4-818380D0CEC3}"
EndProject
Global
	GlobalSection(SolutionConfigurationPlatforms) = preSolution
		Debug|Any CPU = Debug|Any CPU
		Release|Any CPU = Release|Any CPU
	EndGlobalSection
	GlobalSection(ProjectConfigurationPlatforms) = postSolution
		{CA692FF1-3D25-4C89-B21A-088E63392228}.Debug|Any CPU.ActiveCfg = Debug|Any CPU
		{CA692FF1-3D25-4C89-B21A-088E63392228}.Debug|Any CPU.Build.0 = Debug|Any CPU
		{CA692FF1-3D25-4C89-B21A-088E63392228}.Release|Any CPU.ActiveCfg = Release|Any CPU
		{CA692FF1-3D25-4C89-B21A-088E63392228}.Release|Any CPU.Build.0 = Release|Any CPU
		{9ED1D9BC-F6AB-4DEA-A094-AD5DB5C7304D}.Debug|Any CPU.ActiveCfg = Debug|Any CPU
		{9ED1D9BC-F6AB-4DEA-A094-AD5DB5C7304D}.Debug|Any CPU.Build.0 = Debug|Any CPU
		{9ED1D9BC-F6AB-4DEA-A094-AD5DB5C7304D}.Release|Any CPU.ActiveCfg = Release|Any CPU
		{9ED1D9BC-F6AB-4DEA-A094-AD5DB5C7304D}.Release|Any CPU.Build.0 = Release|Any CPU
		{A8A41D22-2144-49DF-87FF-1C00F69293EB}.Debug|Any CPU.ActiveCfg = Debug|Any CPU
		{A8A41D22-2144-49DF-87FF-1C00F69293EB}.Debug|Any CPU.Build.0 = Debug|Any CPU
		{A8A41D22-2144-49DF-87FF-1C00F69293EB}.Release|Any CPU.ActiveCfg = Release|Any CPU
		{A8A41D22-2144-49DF-87FF-1C00F69293EB}.Release|Any CPU.Build.0 = Release|Any CPU
		{ACAF50C7-8745-450E-ADA4-818380D0CEC3}.Debug|Any CPU.ActiveCfg = Debug|Any CPU
		{ACAF50C7-8745-450E-ADA4-818380D0CEC3}.Debug|Any CPU.Build.0 = Debug|Any CPU
		{ACAF50C7-8745-450E-ADA4-818380D0CEC3}.Release|Any CPU.ActiveCfg = Release|Any CPU
		{ACAF50C7-8745-450E-ADA4-818380D0CEC3}.Release|Any CPU.Build.0 = Release|Any CPU
	EndGlobalSection
	GlobalSection(SolutionProperties) = preSolution
		HideSolutionNode = FALSE
	EndGlobalSection
	GlobalSection(ExtensibilityGlobals) = postSolution
		SolutionGuid = {0B44CE69-01C0-4196-B05E-2C325E049420}
	EndGlobalSection
EndGlobal
